
Microsoft Visual Studio Solution File, Format Version 12.00
# Visual Studio Version 17
VisualStudioVersion = 17.6.33815.320
MinimumVisualStudioVersion = 10.0.40219.1
Project("{FAE04EC0-301F-11D3-BF4B-00C04F79EFBC}") = "A_2", "A_2\A_2.csproj", "{A9BCAEE7-3BD6-48C0-A5F2-A05D3358A1F2}"
EndProject
Global
	GlobalSection(SolutionConfigurationPlatforms) = preSolution
		Debug|Any CPU = Debug|Any CPU
		Release|Any CPU = Release|Any CPU
	EndGlobalSection
	GlobalSection(ProjectConfigurationPlatforms) = postSolution
		{A9BCAEE7-3BD6-48C0-A5F2-A05D3358A1F2}.Debug|Any CPU.ActiveCfg = Debug|Any CPU
		{A9BCAEE7-3BD6-48C0-A5F2-A05D3358A1F2}.Debug|Any CPU.Build.0 = Debug|Any CPU
		{A9BCAEE7-3BD6-48C0-A5F2-A05D3358A1F2}.Release|Any CPU.ActiveCfg = Release|Any CPU
		{A9BCAEE7-3BD6-48C0-A5F2-A05D3358A1F2}.Release|Any CPU.Build.0 = Release|Any CPU
	EndGlobalSection
	GlobalSection(SolutionProperties) = preSolution
		HideSolutionNode = FALSE
	EndGlobalSection
	GlobalSection(ExtensibilityGlobals) = postSolution
		SolutionGuid = {8399B80B-AE6A-408C-8AE7-6D31BCAA89F1}
	EndGlobalSection
EndGlobal
